{
    "_readme": [
        "This file locks the dependencies of your project to a known state",
        "Read more about it at https://getcomposer.org/doc/01-basic-usage.md#installing-dependencies",
        "This file is @generated automatically"
    ],
    "content-hash": "09fe15a0989469932285c05fe934dec3",
    "packages": [
        {
            "name": "filejet/filejet-external-php",
            "version": "dev-master",
            "source": {
                "type": "git",
                "url": "https://github.com/filejet/filejet-external-php.git",
                "reference": "a6cde1c8244ec2fe55dc6f66a55f563af9d07fe6"
            },
            "dist": {
                "type": "zip",
                "url": "https://api.github.com/repos/filejet/filejet-external-php/zipball/a6cde1c8244ec2fe55dc6f66a55f563af9d07fe6",
                "reference": "a6cde1c8244ec2fe55dc6f66a55f563af9d07fe6",
                "shasum": ""
            },
            "require": {
                "ext-dom": "*",
                "ext-libxml": "*",
                "php": "^5.6"
            },
            "type": "library",
            "autoload": {
                "psr-4": {
                    "FileJet\\External\\": "src/"
                }
            },
            "notification-url": "https://packagist.org/downloads/",
            "license": [
                "MIT"
            ],
            "description": "Library containing functions for manipulating external files of FileJet",
            "time": "2019-06-05T15:23:26+00:00"
        }
    ],
    "packages-dev": [
        {
            "name": "squizlabs/php_codesniffer",
            "version": "dev-master",
            "source": {
                "type": "git",
                "url": "https://github.com/squizlabs/PHP_CodeSniffer.git",
                "reference": "2fc132709b68c481a4cac74ed30ebb58f406c4f5"
            },
            "dist": {
                "type": "zip",
                "url": "https://api.github.com/repos/squizlabs/PHP_CodeSniffer/zipball/2fc132709b68c481a4cac74ed30ebb58f406c4f5",
                "reference": "2fc132709b68c481a4cac74ed30ebb58f406c4f5",
                "shasum": ""
            },
            "require": {
                "ext-simplexml": "*",
                "ext-tokenizer": "*",
                "ext-xmlwriter": "*",
                "php": ">=5.4.0"
            },
            "require-dev": {
                "phpunit/phpunit": "^4.0 || ^5.0 || ^6.0 || ^7.0"
            },
            "bin": [
                "bin/phpcs",
                "bin/phpcbf"
            ],
            "type": "library",
            "extra": {
                "branch-alias": {
                    "dev-master": "3.x-dev"
                }
            },
            "notification-url": "https://packagist.org/downloads/",
            "license": [
                "BSD-3-Clause"
            ],
            "authors": [
                {
                    "name": "Greg Sherwood",
                    "role": "lead"
                }
            ],
            "description": "PHP_CodeSniffer tokenizes PHP, JavaScript and CSS files and detects violations of a defined set of coding standards.",
            "homepage": "https://github.com/squizlabs/PHP_CodeSniffer",
            "keywords": [
                "phpcs",
                "standards"
            ],
            "time": "2019-07-31T05:44:44+00:00"
        }
    ],
    "aliases": [],
    "minimum-stability": "dev",
    "stability-flags": {
        "filejet/filejet-external-php": 20
    },
    "prefer-stable": false,
    "prefer-lowest": false,
    "platform": {
        "php": "^5.6"
    },
    "platform-dev": []
}
